// !$*UTF8*$!
{
	archiveVersion = 1;
	classes = {
	};
	objectVersion = 50;
	objects = {

/* Begin PBXBuildFile section */
		093092B623D985740091FC4E /* AppDelegate.swift in Sources */ = {isa = PBXBuildFile; fileRef = 093092B523D985740091FC4E /* AppDelegate.swift */; };
		093092B823D985740091FC4E /* SceneDelegate.swift in Sources */ = {isa = PBXBuildFile; fileRef = 093092B723D985740091FC4E /* SceneDelegate.swift */; };
		093092BA23D985740091FC4E /* ViewController.swift in Sources */ = {isa = PBXBuildFile; fileRef = 093092B923D985740091FC4E /* ViewController.swift */; };
		093092BD23D985740091FC4E /* Main.storyboard in Resources */ = {isa = PBXBuildFile; fileRef = 093092BB23D985740091FC4E /* Main.storyboard */; };
		093092BF23D985780091FC4E /* Assets.xcassets in Resources */ = {isa = PBXBuildFile; fileRef = 093092BE23D985780091FC4E /* Assets.xcassets */; };
		093092C223D985780091FC4E /* LaunchScreen.storyboard in Resources */ = {isa = PBXBuildFile; fileRef = 093092C023D985780091FC4E /* LaunchScreen.storyboard */; };
		093092CA23D98CB40091FC4E /* weatherController.swift in Sources */ = {isa = PBXBuildFile; fileRef = 093092C923D98CB40091FC4E /* weatherController.swift */; };
/* End PBXBuildFile section */

/* Begin PBXFileReference section */
		093092B223D985740091FC4E /* IOSWeatherApp.app */ = {isa = PBXFileReference; explicitFileType = wrapper.application; includeInIndex = 0; path = IOSWeatherApp.app; sourceTree = BUILT_PRODUCTS_DIR; };
		093092B523D985740091FC4E /* AppDelegate.swift */ = {isa = PBXFileReference; lastKnownFileType = sourcecode.swift; path = AppDelegate.swift; sourceTree = "<group>"; };
		093092B723D985740091FC4E /* SceneDelegate.swift */ = {isa = PBXFileReference; lastKnownFileType = sourcecode.swift; path = SceneDelegate.swift; sourceTree = "<group>"; };
		093092B923D985740091FC4E /* ViewController.swift */ = {isa = PBXFileReference; lastKnownFileType = sourcecode.swift; path = ViewController.swift; sourceTree = "<group>"; };
		093092BC23D985740091FC4E /* Base */ = {isa = PBXFileReference; lastKnownFileType = file.storyboard; name = Base; path = Base.lproj/Main.storyboard; sourceTree = "<group>"; };
		093092BE23D985780091FC4E /* Assets.xcassets */ = {isa = PBXFileReference; lastKnownFileType = folder.assetcatalog; path = Assets.xcassets; sourceTree = "<group>"; };
		093092C123D985780091FC4E /* Base */ = {isa = PBXFileReference; lastKnownFileType = file.storyboard; name = Base; path = Base.lproj/LaunchScreen.storyboard; sourceTree = "<group>"; };
		093092C323D985780091FC4E /* Info.plist */ = {isa = PBXFileReference; lastKnownFileType = text.plist.xml; path = Info.plist; sourceTree = "<group>"; };
		093092C923D98CB40091FC4E /* weatherController.swift */ = {isa = PBXFileReference; lastKnownFileType = sourcecode.swift; path = weatherController.swift; sourceTree = "<group>"; };
/* End PBXFileReference section */

/* Begin PBXFrameworksBuildPhase section */
		093092AF23D985740091FC4E /* Frameworks */ = {
			isa = PBXFrameworksBuildPhase;
			buildActionMask = 2147483647;
			files = (
			);
			runOnlyForDeploymentPostprocessing = 0;
		};
/* End PBXFrameworksBuildPhase section */

/* Begin PBXGroup section */
		093092A923D985740091FC4E = {
			isa = PBXGroup;
			children = (
				093092B423D985740091FC4E /* IOSWeatherApp */,
				093092B323D985740091FC4E /* Products */,
			);
			sourceTree = "<group>";
		};
		093092B323D985740091FC4E /* Products */ = {
			isa = PBXGroup;
			children = (
				093092B223D985740091FC4E /* IOSWeatherApp.app */,
			);
			name = Products;
			sourceTree = "<group>";
		};
		093092B423D985740091FC4E /* IOSWeatherApp */ = {
			isa = PBXGroup;
			children = (
				093092B523D985740091FC4E /* AppDelegate.swift */,
				093092B723D985740091FC4E /* SceneDelegate.swift */,
				093092B923D985740091FC4E /* ViewController.swift */,
				093092BB23D985740091FC4E /* Main.storyboard */,
				093092BE23D985780091FC4E /* Assets.xcassets */,
				093092C023D985780091FC4E /* LaunchScreen.storyboard */,
				093092C323D985780091FC4E /* Info.plist */,
				093092C923D98CB40091FC4E /* weatherController.swift */,
			);
			path = IOSWeatherApp;
			sourceTree = "<group>";
		};
/* End PBXGroup section */

/* Begin PBXNativeTarget section */
		093092B123D985740091FC4E /* IOSWeatherApp */ = {
			isa = PBXNativeTarget;
			buildConfigurationList = 093092C623D985780091FC4E /* Build configuration list for PBXNativeTarget "IOSWeatherApp" */;
			buildPhases = (
				093092AE23D985740091FC4E /* Sources */,
				093092AF23D985740091FC4E /* Frameworks */,
				093092B023D985740091FC4E /* Resources */,
			);
			buildRules = (
			);
			dependencies = (
			);
			name = IOSWeatherApp;
			productName = IOSWeatherApp;
			productReference = 093092B223D985740091FC4E /* IOSWeatherApp.app */;
			productType = "com.apple.product-type.application";
		};
/* End PBXNativeTarget section */

/* Begin PBXProject section */
		093092AA23D985740091FC4E /* Project object */ = {
			isa = PBXProject;
			attributes = {
				LastSwiftUpdateCheck = 1130;
				LastUpgradeCheck = 1130;
				ORGANIZATIONNAME = "Begüm Üner";
				TargetAttributes = {
					093092B123D985740091FC4E = {
						CreatedOnToolsVersion = 11.3.1;
					};
				};
			};
			buildConfigurationList = 093092AD23D985740091FC4E /* Build configuration list for PBXProject "IOSWeatherApp" */;
			compatibilityVersion = "Xcode 9.3";
			developmentRegion = en;
			hasScannedForEncodings = 0;
			knownRegions = (
				en,
				Base,
			);
			mainGroup = 093092A923D985740091FC4E;
			productRefGroup = 093092B323D985740091FC4E /* Products */;
			projectDirPath = "";
			projectRoot = "";
			targets = (
				093092B123D985740091FC4E /* IOSWeatherApp */,
			);
		};
/* End PBXProject section */

/* Begin PBXResourcesBuildPhase section */
		093092B023D985740091FC4E /* Resources */ = {
			isa = PBXResourcesBuildPhase;
			buildActionMask = 2147483647;
			files = (
				093092C223D985780091FC4E /* LaunchScreen.storyboard in Resources */,
				093092BF23D985780091FC4E /* Assets.xcassets in Resources */,
				093092BD23D985740091FC4E /* Main.storyboard in Resources */,
			);
			runOnlyForDeploymentPostprocessing = 0;
		};
/* End PBXResourcesBuildPhase section */

/* Begin PBXSourcesBuildPhase section */
		093092AE23D985740091FC4E /* Sources */ = {
			isa = PBXSourcesBuildPhase;
			buildActionMask = 2147483647;
			files = (
				093092BA23D985740091FC4E /* ViewController.swift in Sources */,
				093092B623D985740091FC4E /* AppDelegate.swift in Sources */,
				093092CA23D98CB40091FC4E /* weatherController.swift in Sources */,
				093092B823D985740091FC4E /* SceneDelegate.swift in Sources */,
			);
			runOnlyForDeploymentPostprocessing = 0;
		};
/* End PBXSourcesBuildPhase section */

/* Begin PBXVariantGroup section */
		093092BB23D985740091FC4E /* Main.storyboard */ = {
			isa = PBXVariantGroup;
			children = (
				093092BC23D985740091FC4E /* Base */,
			);
			name = Main.storyboard;
			sourceTree = "<group>";
		};
		093092C023D985780091FC4E /* LaunchScreen.storyboard */ = {
			isa = PBXVariantGroup;
			children = (
				093092C123D985780091FC4E /* Base */,
			);
			name = LaunchScreen.storyboard;
			sourceTree = "<group>";
		};
/* End PBXVariantGroup section */

/* Begin XCBuildConfiguration section */
		093092C423D985780091FC4E /* Debug */ = {
			isa = XCBuildConfiguration;
			buildSettings = {
				ALWAYS_SEARCH_USER_PATHS = NO;
				CLANG_ANALYZER_NONNULL = YES;
				CLANG_ANALYZER_NUMBER_OBJECT_CONVERSION = YES_AGGRESSIVE;
				CLANG_CXX_LANGUAGE_STANDARD = "gnu++14";
				CLANG_CXX_LIBRARY = "libc++";
				CLANG_ENABLE_MODULES = YES;
				CLANG_ENABLE_OBJC_ARC = YES;
				CLANG_ENABLE_OBJC_WEAK = YES;
				CLANG_WARN_BLOCK_CAPTURE_AUTORELEASING = YES;
				CLANG_WARN_BOOL_CONVERSION = YES;
				CLANG_WARN_COMMA = YES;
				CLANG_WARN_CONSTANT_CONVERSION = YES;
				CLANG_WARN_DEPRECATED_OBJC_IMPLEMENTATIONS = YES;
				CLANG_WARN_DIRECT_OBJC_ISA_USAGE = YES_ERROR;
				CLANG_WARN_DOCUMENTATION_COMMENTS = YES;
				CLANG_WARN_EMPTY_BODY = YES;
				CLANG_WARN_ENUM_CONVERSION = YES;
				CLANG_WARN_INFINITE_RECURSION = YES;
				CLANG_WARN_INT_CONVERSION = YES;
				CLANG_WARN_NON_LITERAL_NULL_CONVERSION = YES;
				CLANG_WARN_OBJC_IMPLICIT_RETAIN_SELF = YES;
				CLANG_WARN_OBJC_LITERAL_CONVERSION = YES;
				CLANG_WARN_OBJC_ROOT_CLASS = YES_ERROR;
				CLANG_WARN_RANGE_LOOP_ANALYSIS = YES;
				CLANG_WARN_STRICT_PROTOTYPES = YES;
				CLANG_WARN_SUSPICIOUS_MOVE = YES;
				CLANG_WARN_UNGUARDED_AVAILABILITY = YES_AGGRESSIVE;
				CLANG_WARN_UNREACHABLE_CODE = YES;
				CLANG_WARN__DUPLICATE_METHOD_MATCH = YES;
				COPY_PHASE_STRIP = NO;
				DEBUG_INFORMATION_FORMAT = dwarf;
				ENABLE_STRICT_OBJC_MSGSEND = YES;
				ENABLE_TESTABILITY = YES;
				GCC_C_LANGUAGE_STANDARD = gnu11;
				GCC_DYNAMIC_NO_PIC = NO;
				GCC_NO_COMMON_BLOCKS = YES;
				GCC_OPTIMIZATION_LEVEL = 0;
				GCC_PREPROCESSOR_DEFINITIONS = (
					"DEBUG=1",
					"$(inherited)",
				);
				GCC_WARN_64_TO_32_BIT_CONVERSION = YES;
				GCC_WARN_ABOUT_RETURN_TYPE = YES_ERROR;
				GCC_WARN_UNDECLARED_SELECTOR = YES;
				GCC_WARN_UNINITIALIZED_AUTOS = YES_AGGRESSIVE;
				GCC_WARN_UNUSED_FUNCTION = YES;
				GCC_WARN_UNUSED_VARIABLE = YES;
				IPHONEOS_DEPLOYMENT_TARGET = 13.2;
				MTL_ENABLE_DEBUG_INFO = INCLUDE_SOURCE;
				MTL_FAST_MATH = YES;
				ONLY_ACTIVE_ARCH = YES;
				SDKROOT = iphoneos;
				SWIFT_ACTIVE_COMPILATION_CONDITIONS = DEBUG;
				SWIFT_OPTIMIZATION_LEVEL = "-Onone";
			};
			name = Debug;
		};
		093092C523D985780091FC4E /* Release */ = {
			isa = XCBuildConfiguration;
			buildSettings = {
				ALWAYS_SEARCH_USER_PATHS = NO;
				CLANG_ANALYZER_NONNULL = YES;
				CLANG_ANALYZER_NUMBER_OBJECT_CONVERSION = YES_AGGRESSIVE;
				CLANG_CXX_LANGUAGE_STANDARD = "gnu++14";
				CLANG_CXX_LIBRARY = "libc++";
				CLANG_ENABLE_MODULES = YES;
				CLANG_ENABLE_OBJC_ARC = YES;
				CLANG_ENABLE_OBJC_WEAK = YES;
				CLANG_WARN_BLOCK_CAPTURE_AUTORELEASING = YES;
				CLANG_WARN_BOOL_CONVERSION = YES;
				CLANG_WARN_COMMA = YES;
				CLANG_WARN_CONSTANT_CONVERSION = YES;
				CLANG_WARN_DEPRECATED_OBJC_IMPLEMENTATIONS = YES;
				CLANG_WARN_DIRECT_OBJC_ISA_USAGE = YES_ERROR;
				CLANG_WARN_DOCUMENTATION_COMMENTS = YES;
				CLANG_WARN_EMPTY_BODY = YES;
				CLANG_WARN_ENUM_CONVERSION = YES;
				CLANG_WARN_INFINITE_RECURSION = YES;
				CLANG_WARN_INT_CONVERSION = YES;
				CLANG_WARN_NON_LITERAL_NULL_CONVERSION = YES;
				CLANG_WARN_OBJC_IMPLICIT_RETAIN_SELF = YES;
				CLANG_WARN_OBJC_LITERAL_CONVERSION = YES;
				CLANG_WARN_OBJC_ROOT_CLASS = YES_ERROR;
				CLANG_WARN_RANGE_LOOP_ANALYSIS = YES;
				CLANG_WARN_STRICT_PROTOTYPES = YES;
				CLANG_WARN_SUSPICIOUS_MOVE = YES;
				CLANG_WARN_UNGUARDED_AVAILABILITY = YES_AGGRESSIVE;
				CLANG_WARN_UNREACHABLE_CODE = YES;
				CLANG_WARN__DUPLICATE_METHOD_MATCH = YES;
				COPY_PHASE_STRIP = NO;
				DEBUG_INFORMATION_FORMAT = "dwarf-with-dsym";
				ENABLE_NS_ASSERTIONS = NO;
				ENABLE_STRICT_OBJC_MSGSEND = YES;
				GCC_C_LANGUAGE_STANDARD = gnu11;
				GCC_NO_COMMON_BLOCKS = YES;
				GCC_WARN_64_TO_32_BIT_CONVERSION = YES;
				GCC_WARN_ABOUT_RETURN_TYPE = YES_ERROR;
				GCC_WARN_UNDECLARED_SELECTOR = YES;
				GCC_WARN_UNINITIALIZED_AUTOS = YES_AGGRESSIVE;
				GCC_WARN_UNUSED_FUNCTION = YES;
				GCC_WARN_UNUSED_VARIABLE = YES;
				IPHONEOS_DEPLOYMENT_TARGET = 13.2;
				MTL_ENABLE_DEBUG_INFO = NO;
				MTL_FAST_MATH = YES;
				SDKROOT = iphoneos;
				SWIFT_COMPILATION_MODE = wholemodule;
				SWIFT_OPTIMIZATION_LEVEL = "-O";
				VALIDATE_PRODUCT = YES;
			};
			name = Release;
		};
		093092C723D985780091FC4E /* Debug */ = {
			isa = XCBuildConfiguration;
			buildSettings = {
				ASSETCATALOG_COMPILER_APPICON_NAME = AppIcon;
				CODE_SIGN_STYLE = Automatic;
				DEVELOPMENT_TEAM = FP8MAN85LG;
				INFOPLIST_FILE = IOSWeatherApp/Info.plist;
				LD_RUNPATH_SEARCH_PATHS = (
					"$(inherited)",
					"@executable_path/Frameworks",
				);
				PRODUCT_BUNDLE_IDENTIFIER = com.begumuner.IOSWeatherApp;
				PRODUCT_NAME = "$(TARGET_NAME)";
				SWIFT_VERSION = 5.0;
				TARGETED_DEVICE_FAMILY = "1,2";
			};
			name = Debug;
		};
		093092C823D985780091FC4E /* Release */ = {
			isa = XCBuildConfiguration;
			buildSettings = {
				ASSETCATALOG_COMPILER_APPICON_NAME = AppIcon;
				CODE_SIGN_STYLE = Automatic;
				DEVELOPMENT_TEAM = FP8MAN85LG;
				INFOPLIST_FILE = IOSWeatherApp/Info.plist;
				LD_RUNPATH_SEARCH_PATHS = (
					"$(inherited)",
					"@executable_path/Frameworks",
				);
				PRODUCT_BUNDLE_IDENTIFIER = com.begumuner.IOSWeatherApp;
				PRODUCT_NAME = "$(TARGET_NAME)";
				SWIFT_VERSION = 5.0;
				TARGETED_DEVICE_FAMILY = "1,2";
			};
			name = Release;
		};
/* End XCBuildConfiguration section */

/* Begin XCConfigurationList section */
		093092AD23D985740091FC4E /* Build configuration list for PBXProject "IOSWeatherApp" */ = {
			isa = XCConfigurationList;
			buildConfigurations = (
				093092C423D985780091FC4E /* Debug */,
				093092C523D985780091FC4E /* Release */,
			);
			defaultConfigurationIsVisible = 0;
			defaultConfigurationName = Release;
		};
		093092C623D985780091FC4E /* Build configuration list for PBXNativeTarget "IOSWeatherApp" */ = {
			isa = XCConfigurationList;
			buildConfigurations = (
				093092C723D985780091FC4E /* Debug */,
				093092C823D985780091FC4E /* Release */,
			);
			defaultConfigurationIsVisible = 0;
			defaultConfigurationName = Release;
		};
/* End XCConfigurationList section */
	};
	rootObject = 093092AA23D985740091FC4E /* Project object */;
}
